
Microsoft Visual Studio Solution File, Format Version 12.00
# Visual Studio Version 17
VisualStudioVersion = 17.9.34407.89
MinimumVisualStudioVersion = 10.0.40219.1
Project("{9A19103F-16F7-4668-BE54-9A1E7A4F7556}") = "LegalCaseManagement", "LegalCaseManagement\LegalCaseManagement.csproj", "{76E16F14-04F9-4ED5-A8E5-CD49F3FD8A00}"
EndProject
Project("{FAE04EC0-301F-11D3-BF4B-00C04F79EFBC}") = "LegalCaseManagement.Domain", "LegalCaseManagement.Domain\LegalCaseManagement.Domain.csproj", "{9033FC08-894E-4BDC-9537-0F92FF6BAFAD}"
EndProject
Project("{FAE04EC0-301F-11D3-BF4B-00C04F79EFBC}") = "LegalCaseManagement.Service", "LegalCaseManagement.Service\LegalCaseManagement.Service.csproj", "{3337C2C3-63ED-40AA-8B9C-096BF6D75040}"
EndProject
Global
	GlobalSection(SolutionConfigurationPlatforms) = preSolution
		Debug|Any CPU = Debug|Any CPU
		Release|Any CPU = Release|Any CPU
	EndGlobalSection
	GlobalSection(ProjectConfigurationPlatforms) = postSolution
		{76E16F14-04F9-4ED5-A8E5-CD49F3FD8A00}.Debug|Any CPU.ActiveCfg = Debug|Any CPU
		{76E16F14-04F9-4ED5-A8E5-CD49F3FD8A00}.Debug|Any CPU.Build.0 = Debug|Any CPU
		{76E16F14-04F9-4ED5-A8E5-CD49F3FD8A00}.Release|Any CPU.ActiveCfg = Release|Any CPU
		{76E16F14-04F9-4ED5-A8E5-CD49F3FD8A00}.Release|Any CPU.Build.0 = Release|Any CPU
		{9033FC08-894E-4BDC-9537-0F92FF6BAFAD}.Debug|Any CPU.ActiveCfg = Debug|Any CPU
		{9033FC08-894E-4BDC-9537-0F92FF6BAFAD}.Debug|Any CPU.Build.0 = Debug|Any CPU
		{9033FC08-894E-4BDC-9537-0F92FF6BAFAD}.Release|Any CPU.ActiveCfg = Release|Any CPU
		{9033FC08-894E-4BDC-9537-0F92FF6BAFAD}.Release|Any CPU.Build.0 = Release|Any CPU
		{3337C2C3-63ED-40AA-8B9C-096BF6D75040}.Debug|Any CPU.ActiveCfg = Debug|Any CPU
		{3337C2C3-63ED-40AA-8B9C-096BF6D75040}.Debug|Any CPU.Build.0 = Debug|Any CPU
		{3337C2C3-63ED-40AA-8B9C-096BF6D75040}.Release|Any CPU.ActiveCfg = Release|Any CPU
		{3337C2C3-63ED-40AA-8B9C-096BF6D75040}.Release|Any CPU.Build.0 = Release|Any CPU
	EndGlobalSection
	GlobalSection(SolutionProperties) = preSolution
		HideSolutionNode = FALSE
	EndGlobalSection
	GlobalSection(ExtensibilityGlobals) = postSolution
		SolutionGuid = {607483EB-B463-485C-9C5F-D5C9F7F5A0C4}
	EndGlobalSection
EndGlobal
